
Microsoft Visual Studio Solution File, Format Version 12.00
# Visual Studio Version 16
VisualStudioVersion = 16.0.31729.503
MinimumVisualStudioVersion = 10.0.40219.1
Project("{8BC9CEB8-8B4A-11D0-8D11-00A0C91BC942}") = "TP_2_4_2", "TP_2_4_2\TP_2_4_2.vcxproj", "{134E62D9-CBC9-4C08-99C9-404AA18DF4AC}"
EndProject
Global
	GlobalSection(SolutionConfigurationPlatforms) = preSolution
		Debug|x64 = Debug|x64
		Debug|x86 = Debug|x86
		Release|x64 = Release|x64
		Release|x86 = Release|x86
	EndGlobalSection
	GlobalSection(ProjectConfigurationPlatforms) = postSolution
		{134E62D9-CBC9-4C08-99C9-404AA18DF4AC}.Debug|x64.ActiveCfg = Debug|x64
		{134E62D9-CBC9-4C08-99C9-404AA18DF4AC}.Debug|x64.Build.0 = Debug|x64
		{134E62D9-CBC9-4C08-99C9-404AA18DF4AC}.Debug|x86.ActiveCfg = Debug|Win32
		{134E62D9-CBC9-4C08-99C9-404AA18DF4AC}.Debug|x86.Build.0 = Debug|Win32
		{134E62D9-CBC9-4C08-99C9-404AA18DF4AC}.Release|x64.ActiveCfg = Release|x64
		{134E62D9-CBC9-4C08-99C9-404AA18DF4AC}.Release|x64.Build.0 = Release|x64
		{134E62D9-CBC9-4C08-99C9-404AA18DF4AC}.Release|x86.ActiveCfg = Release|Win32
		{134E62D9-CBC9-4C08-99C9-404AA18DF4AC}.Release|x86.Build.0 = Release|Win32
	EndGlobalSection
	GlobalSection(SolutionProperties) = preSolution
		HideSolutionNode = FALSE
	EndGlobalSection
	GlobalSection(ExtensibilityGlobals) = postSolution
		SolutionGuid = {1D782E61-2D40-4CFD-BDD0-14F0F7F3986F}
	EndGlobalSection
EndGlobal
